{
  "object": {
    "pins": [
      {
        "package": "Altair-MDK",
        "repositoryURL": "https://github.com/mzapatae/AltairMDK-iOS.git",
        "state": {
          "branch": "feature/basic-implementation",
          "revision": "cafef4b12986f0db898560cc7ca7bcdf5b3f241d",
          "version": null
        }
      },
      {
        "package": "Resolver",
        "repositoryURL": "https://github.com/hmlongco/Resolver.git",
        "state": {
          "branch": null,
          "revision": "e0bcbc721818328c192a1eb22c6a6ca48029e550",
          "version": "1.4.1"
        }
      }
    ]
  },
  "version": 1
}
