{
  "object": {
    "pins": [
      {
        "package": "Altair-MDK",
        "repositoryURL": "https://github.com/mzapatae/AltairMDK-iOS.git",
        "state": {
          "branch": "develop",
          "revision": "7b31370925c9717da64ef8a335e11e4efb4965b4",
          "version": null
        }
      },
      {
        "package": "Resolver",
        "repositoryURL": "https://github.com/hmlongco/Resolver.git",
        "state": {
          "branch": null,
          "revision": "97de0b0320036607564af4a60025b48f8d041221",
          "version": "1.5.0"
        }
      }
    ]
  },
  "version": 1
}
