{
  "object": {
    "pins": [
      {
        "package": "Altair-MDK",
        "repositoryURL": "https://github.com/mzapatae/AltairMDK-iOS.git",
        "state": {
          "branch": null,
          "revision": "7a310fb8faeaa05bf61cb6cb3f7a93347ea03327",
          "version": "0.9.0"
        }
      },
      {
        "package": "Resolver",
        "repositoryURL": "https://github.com/hmlongco/Resolver.git",
        "state": {
          "branch": null,
          "revision": "730a02bc3c861524e4f0e496ec3d9a907984be0d",
          "version": "1.4.2"
        }
      }
    ]
  },
  "version": 1
}
